PODS:
  - Flutter (1.0.0)
  - flutter_with_persona (0.0.1):
    - Flutter
  - PersonaInquirySDK2 (2.5.10)

DEPENDENCIES:
  - Flutter (from `Flutter`)
  - flutter_with_persona (from `.symlinks/plugins/flutter_with_persona/ios`)
  - PersonaInquirySDK2

SPEC REPOS:
  https://github.com/CocoaPods/Specs.git:
    - PersonaInquirySDK2

EXTERNAL SOURCES:
  Flutter:
    :path: Flutter
  flutter_with_persona:
    :path: ".symlinks/plugins/flutter_with_persona/ios"

SPEC CHECKSUMS:
  Flutter: f04841e97a9d0b0a8025694d0796dd46242b2854
  flutter_with_persona: 013b10153d7eee2fb20a9b1e6415aece360573b8
  PersonaInquirySDK2: 9521f3f5938e7696ad768ed65e40408157b66d0f

PODFILE CHECKSUM: 088da64d94383cfac4910b2f6c65951e125cd062

COCOAPODS: 1.11.3
